{
	"name": "use-expo",
	"version": "0.0.0",
	"lockfileVersion": 1,
	"requires": true,
	"dependencies": {
		"@types/node": {
			"version": "12.0.7",
			"resolved": "https://registry.npmjs.org/@types/node/-/node-12.0.7.tgz",
			"integrity": "sha512-1YKeT4JitGgE4SOzyB9eMwO0nGVNkNEsm9qlIt1Lqm/tG2QEiSMTD4kS3aO6L+w5SClLVxALmIBESK6Mk5wX0A==",
			"dev": true
		},
		"typescript": {
			"version": "3.5.1",
			"resolved": "https://registry.npmjs.org/typescript/-/typescript-3.5.1.tgz",
			"integrity": "sha512-64HkdiRv1yYZsSe4xC1WVgamNigVYjlssIoaH2HcZF0+ijsk5YK2g0G34w9wJkze8+5ow4STd22AynfO6ZYYLw==",
			"dev": true
		}
	}
}
